
Microsoft Visual Studio Solution File, Format Version 12.00
# Visual Studio 2013
VisualStudioVersion = 12.0.31101.0
MinimumVisualStudioVersion = 10.0.40219.1
Project("{FAE04EC0-301F-11D3-BF4B-00C04F79EFBC}") = "RadMVC", "RadMVC\RadMVC.csproj", "{497F253E-5A0C-4938-A1F0-0E4C35C735A4}"
EndProject
Project("{FAE04EC0-301F-11D3-BF4B-00C04F79EFBC}") = "RadMVC_TestWebsite", "RadMVC_TestWebsite\RadMVC_TestWebsite.csproj", "{4A01A8ED-0BE6-46F8-89A7-50BC4A2432B9}"
EndProject
Global
	GlobalSection(SubversionScc) = preSolution
		Svn-Managed = True
		Manager = AnkhSVN - Subversion Support for Visual Studio
	EndGlobalSection
	GlobalSection(SolutionConfigurationPlatforms) = preSolution
		Debug|Any CPU = Debug|Any CPU
		Release|Any CPU = Release|Any CPU
	EndGlobalSection
	GlobalSection(ProjectConfigurationPlatforms) = postSolution
		{497F253E-5A0C-4938-A1F0-0E4C35C735A4}.Debug|Any CPU.ActiveCfg = Debug|Any CPU
		{497F253E-5A0C-4938-A1F0-0E4C35C735A4}.Debug|Any CPU.Build.0 = Debug|Any CPU
		{497F253E-5A0C-4938-A1F0-0E4C35C735A4}.Release|Any CPU.ActiveCfg = Release|Any CPU
		{497F253E-5A0C-4938-A1F0-0E4C35C735A4}.Release|Any CPU.Build.0 = Release|Any CPU
		{4A01A8ED-0BE6-46F8-89A7-50BC4A2432B9}.Debug|Any CPU.ActiveCfg = Debug|Any CPU
		{4A01A8ED-0BE6-46F8-89A7-50BC4A2432B9}.Debug|Any CPU.Build.0 = Debug|Any CPU
		{4A01A8ED-0BE6-46F8-89A7-50BC4A2432B9}.Release|Any CPU.ActiveCfg = Release|Any CPU
		{4A01A8ED-0BE6-46F8-89A7-50BC4A2432B9}.Release|Any CPU.Build.0 = Release|Any CPU
	EndGlobalSection
	GlobalSection(SolutionProperties) = preSolution
		HideSolutionNode = FALSE
	EndGlobalSection
EndGlobal
